
Microsoft Visual Studio Solution File, Format Version 12.00
# Visual Studio Version 17
VisualStudioVersion = 17.6.33723.286
MinimumVisualStudioVersion = 10.0.40219.1
Project("{9A19103F-16F7-4668-BE54-9A1E7A4F7556}") = "ShapeAreaCalculator", "ShapeAreaCalculator\ShapeAreaCalculator.csproj", "{6779F7DB-FB0B-4A86-B02B-734C788040D7}"
EndProject
Project("{FAE04EC0-301F-11D3-BF4B-00C04F79EFBC}") = "UnitTestTools", "UnitTestTools\UnitTestTools.csproj", "{C4FFB6B8-A44F-4816-8ACD-5DE9535A70FD}"
EndProject
Global
	GlobalSection(SolutionConfigurationPlatforms) = preSolution
		Debug|Any CPU = Debug|Any CPU
		Release|Any CPU = Release|Any CPU
	EndGlobalSection
	GlobalSection(ProjectConfigurationPlatforms) = postSolution
		{6779F7DB-FB0B-4A86-B02B-734C788040D7}.Debug|Any CPU.ActiveCfg = Debug|Any CPU
		{6779F7DB-FB0B-4A86-B02B-734C788040D7}.Debug|Any CPU.Build.0 = Debug|Any CPU
		{6779F7DB-FB0B-4A86-B02B-734C788040D7}.Release|Any CPU.ActiveCfg = Release|Any CPU
		{6779F7DB-FB0B-4A86-B02B-734C788040D7}.Release|Any CPU.Build.0 = Release|Any CPU
		{C4FFB6B8-A44F-4816-8ACD-5DE9535A70FD}.Debug|Any CPU.ActiveCfg = Debug|Any CPU
		{C4FFB6B8-A44F-4816-8ACD-5DE9535A70FD}.Debug|Any CPU.Build.0 = Debug|Any CPU
		{C4FFB6B8-A44F-4816-8ACD-5DE9535A70FD}.Release|Any CPU.ActiveCfg = Release|Any CPU
		{C4FFB6B8-A44F-4816-8ACD-5DE9535A70FD}.Release|Any CPU.Build.0 = Release|Any CPU
	EndGlobalSection
	GlobalSection(SolutionProperties) = preSolution
		HideSolutionNode = FALSE
	EndGlobalSection
	GlobalSection(ExtensibilityGlobals) = postSolution
		SolutionGuid = {E39CF46D-9738-452A-9BC7-70D82A002DE0}
	EndGlobalSection
EndGlobal
